
Microsoft Visual Studio Solution File, Format Version 11.00
# Visual Studio 2010
Project("{FAE04EC0-301F-11D3-BF4B-00C04F79EFBC}") = "KevinsEffectsTester", "KevinsEffectsTester\KevinsEffectsTester\KevinsEffectsTester.csproj", "{9FB96867-2DD3-41A5-9F5A-7E2791C442F1}"
EndProject
Project("{FAE04EC0-301F-11D3-BF4B-00C04F79EFBC}") = "KevinsEffects", "..\..\Farseer Physics Engine 3.3.1 Samples XNA\KevinsEffects\KevinsEffects\KevinsEffects.csproj", "{17F52B57-384E-4A56-91BF-BE0F1783E75C}"
EndProject
Project("{FAE04EC0-301F-11D3-BF4B-00C04F79EFBC}") = "KevinsEffectsTesterContent", "KevinsEffectsTester\KevinsEffectsTesterContent\KevinsEffectsTesterContent.contentproj", "{5699A1CA-210C-4238-B0E5-15B1105EC1F5}"
EndProject
Project("{FAE04EC0-301F-11D3-BF4B-00C04F79EFBC}") = "KevinsEffectsContent", "..\..\Farseer Physics Engine 3.3.1 Samples XNA\KevinsEffects\KevinsEffectsContent\KevinsEffectsContent.contentproj", "{760E4E68-23EE-4BCD-BD6B-76E5C9912262}"
EndProject
Global
	GlobalSection(SolutionConfigurationPlatforms) = preSolution
		Debug|x86 = Debug|x86
		Release|x86 = Release|x86
	EndGlobalSection
	GlobalSection(ProjectConfigurationPlatforms) = postSolution
		{9FB96867-2DD3-41A5-9F5A-7E2791C442F1}.Debug|x86.ActiveCfg = Debug|x86
		{9FB96867-2DD3-41A5-9F5A-7E2791C442F1}.Debug|x86.Build.0 = Debug|x86
		{9FB96867-2DD3-41A5-9F5A-7E2791C442F1}.Release|x86.ActiveCfg = Release|x86
		{9FB96867-2DD3-41A5-9F5A-7E2791C442F1}.Release|x86.Build.0 = Release|x86
		{17F52B57-384E-4A56-91BF-BE0F1783E75C}.Debug|x86.ActiveCfg = Debug|x86
		{17F52B57-384E-4A56-91BF-BE0F1783E75C}.Debug|x86.Build.0 = Debug|x86
		{17F52B57-384E-4A56-91BF-BE0F1783E75C}.Release|x86.ActiveCfg = Release|x86
		{17F52B57-384E-4A56-91BF-BE0F1783E75C}.Release|x86.Build.0 = Release|x86
		{5699A1CA-210C-4238-B0E5-15B1105EC1F5}.Debug|x86.ActiveCfg = Debug|x86
		{5699A1CA-210C-4238-B0E5-15B1105EC1F5}.Release|x86.ActiveCfg = Release|x86
		{760E4E68-23EE-4BCD-BD6B-76E5C9912262}.Debug|x86.ActiveCfg = Debug|x86
		{760E4E68-23EE-4BCD-BD6B-76E5C9912262}.Release|x86.ActiveCfg = Release|x86
	EndGlobalSection
	GlobalSection(SolutionProperties) = preSolution
		HideSolutionNode = FALSE
	EndGlobalSection
EndGlobal
