
Microsoft Visual Studio Solution File, Format Version 11.00
# Visual Studio 2010
Project("{FAE04EC0-301F-11D3-BF4B-00C04F79EFBC}") = "TilingEngine", "TilingEngine\TilingEngine\TilingEngine.csproj", "{15084EC6-3AC9-49CF-A487-D39CCD9BAD53}"
EndProject
Project("{96E2B04D-8817-42C6-938A-82C39BA4D311}") = "TilingEngineContent", "TilingEngine\TilingEngineContent\TilingEngineContent.contentproj", "{F0FDF3DB-7772-4E8A-AFCB-019E6D637AAD}"
EndProject
Global
	GlobalSection(SolutionConfigurationPlatforms) = preSolution
		Debug|x86 = Debug|x86
		Release|x86 = Release|x86
	EndGlobalSection
	GlobalSection(ProjectConfigurationPlatforms) = postSolution
		{15084EC6-3AC9-49CF-A487-D39CCD9BAD53}.Debug|x86.ActiveCfg = Debug|x86
		{15084EC6-3AC9-49CF-A487-D39CCD9BAD53}.Debug|x86.Build.0 = Debug|x86
		{15084EC6-3AC9-49CF-A487-D39CCD9BAD53}.Release|x86.ActiveCfg = Release|x86
		{15084EC6-3AC9-49CF-A487-D39CCD9BAD53}.Release|x86.Build.0 = Release|x86
		{F0FDF3DB-7772-4E8A-AFCB-019E6D637AAD}.Debug|x86.ActiveCfg = Debug|x86
		{F0FDF3DB-7772-4E8A-AFCB-019E6D637AAD}.Release|x86.ActiveCfg = Release|x86
	EndGlobalSection
	GlobalSection(SolutionProperties) = preSolution
		HideSolutionNode = FALSE
	EndGlobalSection
EndGlobal
